download:
  cmd: python src/data/download.py https://ti.arc.nasa.gov/c/6/ data/raw
  deps:
  - path: https://ti.arc.nasa.gov/c/6/
    etag: '"6ac30eb-bd9afa-4585b40300640"'
  - path: src/data/download.py
    md5: 55d67e3cc17ee8cdc407b3b9bc1d5881
  outs:
  - path: data/raw
    md5: 765e3a91658a830570861f098beb4244.dir
create_dataset:
  cmd: python src/data/create_dataset.py data/raw data/interim
  deps:
  - path: data/raw
    md5: 765e3a91658a830570861f098beb4244.dir
  - path: src/data/create_dataset.py
    md5: d1ad20301f58d17b81322661261dd5f0
  outs:
  - path: data/interim
    md5: 743fae2926ca86bdef4bcb1886bcb72e.dir
preprocess:
  cmd: python src/data/preprocess.py data/interim data/processed
  deps:
  - path: data/interim
    md5: 743fae2926ca86bdef4bcb1886bcb72e.dir
  - path: src/data/preprocess.py
    md5: 0f510cd9d6268b8ed55103538684dd91
  outs:
  - path: data/processed
    md5: b1cb12da5cacbab30e7f170eb8108744.dir
exploration:
  cmd: python src/visualization/exploration.py data/interim reports/figures
  deps:
  - path: data/interim
    md5: 743fae2926ca86bdef4bcb1886bcb72e.dir
  - path: src/visualization/exploration.py
    md5: 66cecf1f0090da25081322cbd3676c95
  outs:
  - path: reports/figures
    md5: fa139536e4271d4935b7b60d2fc4e311.dir
