schema: '2.0'
stages:
  download:
    cmd: python ../../turbofan/data/download.py https://ti.arc.nasa.gov/c/6/ ../../data/raw
    deps:
    - path: ../../turbofan/data/download.py
      md5: 55d67e3cc17ee8cdc407b3b9bc1d5881
      size: 1385
    - path: https://ti.arc.nasa.gov/c/6/
      etag: '"6ac30eb-bd9afa-4585b40300640"'
      size: 12425978
    outs:
    - path: ../../data/raw
      md5: 765e3a91658a830570861f098beb4244.dir
      size: 45349906
      nfiles: 14
  create_dataset:
    cmd: python ../../turbofan/data/create_dataset.py ../../data/raw ../../data/interim
    deps:
    - path: ../../data/raw
      md5: 765e3a91658a830570861f098beb4244.dir
      size: 45349906
      nfiles: 14
    - path: ../../turbofan/data/create_dataset.py
      md5: 77a6a7989a63dfeae3f411c47f600f24
      size: 1180
    - path: ../../turbofan/data/dataset.py
      md5: 20654f380aface0afb528ee8ec5b07c9
      size: 2477
    outs:
    - path: ../../data/interim
      md5: 11b9a59fbb38429602e7194cbaedd8d1.dir
      size: 9156073
      nfiles: 2
  preprocess:
    cmd: python ../../turbofan/data/preprocess.py ../../data/interim ../../data/processed
    deps:
    - path: ../../data/interim
      md5: 11b9a59fbb38429602e7194cbaedd8d1.dir
      size: 9156073
      nfiles: 2
    - path: ../../turbofan/data/preprocess.py
      md5: 5ded845611039b26fa6e11806586633f
      size: 2637
    outs:
    - path: ../../data/processed
      md5: c01f75312780a93017a499dc4c087046.dir
      size: 8879793
      nfiles: 2
  exploration:
    cmd: python ../../turbofan/viz/exploration.py ../../data/interim ../../reports/figures
    deps:
    - path: ../../data/interim
      md5: 11b9a59fbb38429602e7194cbaedd8d1.dir
      size: 9156073
      nfiles: 2
    - path: ../../turbofan/viz/exploration.py
      md5: e522717d0eb77dfde60cad61a92f2223
      size: 1740
    - path: ../../turbofan/viz/plot.py
      md5: d8dc7bcc8569ce73ea95297b60eb57fa
      size: 3811
    outs:
    - path: ../../reports/figures/00_distribution_label_train.png
      md5: 35d4013dda0f45a79ed7582126ebc0f2
      size: 28499
    - path: ../../reports/figures/01_distribution_label_test.png
      md5: c5c95edfaa122e662746293ffada8b15
      size: 22794
